// !$*UTF8*$!
{
	archiveVersion = 1;
	classes = {
	};
	objectVersion = 77;
	objects = {

/* Begin PBXBuildFile section */
		C66CADD22E9345C8002FA0F5 /* AlertToast in Frameworks */ = {isa = PBXBuildFile; productRef = C66CADD12E9345C8002FA0F5 /* AlertToast */; };
		C6AB99892E93078900874657 /* Config.xcconfig in Resources */ = {isa = PBXBuildFile; fileRef = C6AB99882E93078900874657 /* Config.xcconfig */; };
/* End PBXBuildFile section */

/* Begin PBXContainerItemProxy section */
		C61648F92E8D703C004B9FA4 /* PBXContainerItemProxy */ = {
			isa = PBXContainerItemProxy;
			containerPortal = C61648E12E8D703B004B9FA4 /* Project object */;
			proxyType = 1;
			remoteGlobalIDString = C61648E82E8D703B004B9FA4;
			remoteInfo = Tribune;
		};
		C61649032E8D703C004B9FA4 /* PBXContainerItemProxy */ = {
			isa = PBXContainerItemProxy;
			containerPortal = C61648E12E8D703B004B9FA4 /* Project object */;
			proxyType = 1;
			remoteGlobalIDString = C61648E82E8D703B004B9FA4;
			remoteInfo = Tribune;
		};
/* End PBXContainerItemProxy section */

/* Begin PBXFileReference section */
		C61648E92E8D703B004B9FA4 /* Tribune.app */ = {isa = PBXFileReference; explicitFileType = wrapper.application; includeInIndex = 0; path = Tribune.app; sourceTree = BUILT_PRODUCTS_DIR; };
		C61648F82E8D703C004B9FA4 /* TribuneTests.xctest */ = {isa = PBXFileReference; explicitFileType = wrapper.cfbundle; includeInIndex = 0; path = TribuneTests.xctest; sourceTree = BUILT_PRODUCTS_DIR; };
		C61649022E8D703C004B9FA4 /* TribuneUITests.xctest */ = {isa = PBXFileReference; explicitFileType = wrapper.cfbundle; includeInIndex = 0; path = TribuneUITests.xctest; sourceTree = BUILT_PRODUCTS_DIR; };
		C6AB99882E93078900874657 /* Config.xcconfig */ = {isa = PBXFileReference; lastKnownFileType = text.xcconfig; path = Config.xcconfig; sourceTree = "<group>"; };
/* End PBXFileReference section */

/* Begin PBXFileSystemSynchronizedBuildFileExceptionSet section */
		C6AB99902E930C7A00874657 /* Exceptions for "Tribune" folder in "Tribune" target */ = {
			isa = PBXFileSystemSynchronizedBuildFileExceptionSet;
			membershipExceptions = (
				Info.plist,
			);
			target = C61648E82E8D703B004B9FA4 /* Tribune */;
		};
/* End PBXFileSystemSynchronizedBuildFileExceptionSet section */

/* Begin PBXFileSystemSynchronizedRootGroup section */
		C61648EB2E8D703B004B9FA4 /* Tribune */ = {
			isa = PBXFileSystemSynchronizedRootGroup;
			exceptions = (
				C6AB99902E930C7A00874657 /* Exceptions for "Tribune" folder in "Tribune" target */,
			);
			path = Tribune;
			sourceTree = "<group>";
		};
		C61648FB2E8D703C004B9FA4 /* TribuneTests */ = {
			isa = PBXFileSystemSynchronizedRootGroup;
			path = TribuneTests;
			sourceTree = "<group>";
		};
		C61649052E8D703C004B9FA4 /* TribuneUITests */ = {
			isa = PBXFileSystemSynchronizedRootGroup;
			path = TribuneUITests;
			sourceTree = "<group>";
		};
/* End PBXFileSystemSynchronizedRootGroup section */

/* Begin PBXFrameworksBuildPhase section */
		C61648E62E8D703B004B9FA4 /* Frameworks */ = {
			isa = PBXFrameworksBuildPhase;
			buildActionMask = 2147483647;
			files = (
				C66CADD22E9345C8002FA0F5 /* AlertToast in Frameworks */,
			);
			runOnlyForDeploymentPostprocessing = 0;
		};
		C61648F52E8D703C004B9FA4 /* Frameworks */ = {
			isa = PBXFrameworksBuildPhase;
			buildActionMask = 2147483647;
			files = (
			);
			runOnlyForDeploymentPostprocessing = 0;
		};
		C61648FF2E8D703C004B9FA4 /* Frameworks */ = {
			isa = PBXFrameworksBuildPhase;
			buildActionMask = 2147483647;
			files = (
			);
			runOnlyForDeploymentPostprocessing = 0;
		};
/* End PBXFrameworksBuildPhase section */

/* Begin PBXGroup section */
		C61648E02E8D703B004B9FA4 = {
			isa = PBXGroup;
			children = (
				C6AB99882E93078900874657 /* Config.xcconfig */,
				C61648EB2E8D703B004B9FA4 /* Tribune */,
				C61648FB2E8D703C004B9FA4 /* TribuneTests */,
				C61649052E8D703C004B9FA4 /* TribuneUITests */,
				C66CADD02E9345C8002FA0F5 /* Frameworks */,
				C61648EA2E8D703B004B9FA4 /* Products */,
			);
			sourceTree = "<group>";
		};
		C61648EA2E8D703B004B9FA4 /* Products */ = {
			isa = PBXGroup;
			children = (
				C61648E92E8D703B004B9FA4 /* Tribune.app */,
				C61648F82E8D703C004B9FA4 /* TribuneTests.xctest */,
				C61649022E8D703C004B9FA4 /* TribuneUITests.xctest */,
			);
			name = Products;
			sourceTree = "<group>";
		};
		C66CADD02E9345C8002FA0F5 /* Frameworks */ = {
			isa = PBXGroup;
			children = (
			);
			name = Frameworks;
			sourceTree = "<group>";
		};
/* End PBXGroup section */

/* Begin PBXNativeTarget section */
		C61648E82E8D703B004B9FA4 /* Tribune */ = {
			isa = PBXNativeTarget;
			buildConfigurationList = C616490C2E8D703C004B9FA4 /* Build configuration list for PBXNativeTarget "Tribune" */;
			buildPhases = (
				C61648E52E8D703B004B9FA4 /* Sources */,
				C61648E62E8D703B004B9FA4 /* Frameworks */,
				C61648E72E8D703B004B9FA4 /* Resources */,
			);
			buildRules = (
			);
			dependencies = (
			);
			fileSystemSynchronizedGroups = (
				C61648EB2E8D703B004B9FA4 /* Tribune */,
			);
			name = Tribune;
			packageProductDependencies = (
				C66CADD12E9345C8002FA0F5 /* AlertToast */,
			);
			productName = Tribune;
			productReference = C61648E92E8D703B004B9FA4 /* Tribune.app */;
			productType = "com.apple.product-type.application";
		};
		C61648F72E8D703C004B9FA4 /* TribuneTests */ = {
			isa = PBXNativeTarget;
			buildConfigurationList = C616490F2E8D703C004B9FA4 /* Build configuration list for PBXNativeTarget "TribuneTests" */;
			buildPhases = (
				C61648F42E8D703C004B9FA4 /* Sources */,
				C61648F52E8D703C004B9FA4 /* Frameworks */,
				C61648F62E8D703C004B9FA4 /* Resources */,
			);
			buildRules = (
			);
			dependencies = (
				C61648FA2E8D703C004B9FA4 /* PBXTargetDependency */,
			);
			fileSystemSynchronizedGroups = (
				C61648FB2E8D703C004B9FA4 /* TribuneTests */,
			);
			name = TribuneTests;
			packageProductDependencies = (
			);
			productName = TribuneTests;
			productReference = C61648F82E8D703C004B9FA4 /* TribuneTests.xctest */;
			productType = "com.apple.product-type.bundle.unit-test";
		};
		C61649012E8D703C004B9FA4 /* TribuneUITests */ = {
			isa = PBXNativeTarget;
			buildConfigurationList = C61649122E8D703C004B9FA4 /* Build configuration list for PBXNativeTarget "TribuneUITests" */;
			buildPhases = (
				C61648FE2E8D703C004B9FA4 /* Sources */,
				C61648FF2E8D703C004B9FA4 /* Frameworks */,
				C61649002E8D703C004B9FA4 /* Resources */,
			);
			buildRules = (
			);
			dependencies = (
				C61649042E8D703C004B9FA4 /* PBXTargetDependency */,
			);
			fileSystemSynchronizedGroups = (
				C61649052E8D703C004B9FA4 /* TribuneUITests */,
			);
			name = TribuneUITests;
			packageProductDependencies = (
			);
			productName = TribuneUITests;
			productReference = C61649022E8D703C004B9FA4 /* TribuneUITests.xctest */;
			productType = "com.apple.product-type.bundle.ui-testing";
		};
/* End PBXNativeTarget section */

/* Begin PBXProject section */
		C61648E12E8D703B004B9FA4 /* Project object */ = {
			isa = PBXProject;
			attributes = {
				BuildIndependentTargetsInParallel = 1;
				LastSwiftUpdateCheck = 2600;
				LastUpgradeCheck = 2600;
				TargetAttributes = {
					C61648E82E8D703B004B9FA4 = {
						CreatedOnToolsVersion = 26.0.1;
					};
					C61648F72E8D703C004B9FA4 = {
						CreatedOnToolsVersion = 26.0.1;
						TestTargetID = C61648E82E8D703B004B9FA4;
					};
					C61649012E8D703C004B9FA4 = {
						CreatedOnToolsVersion = 26.0.1;
						TestTargetID = C61648E82E8D703B004B9FA4;
					};
				};
			};
			buildConfigurationList = C61648E42E8D703B004B9FA4 /* Build configuration list for PBXProject "Tribune" */;
			developmentRegion = en;
			hasScannedForEncodings = 0;
			knownRegions = (
				en,
				Base,
			);
			mainGroup = C61648E02E8D703B004B9FA4;
			minimizedProjectReferenceProxies = 1;
			packageReferences = (
				C6AB99A72E93457000874657 /* XCRemoteSwiftPackageReference "AlertToast" */,
			);
			preferredProjectObjectVersion = 77;
			productRefGroup = C61648EA2E8D703B004B9FA4 /* Products */;
			projectDirPath = "";
			projectRoot = "";
			targets = (
				C61648E82E8D703B004B9FA4 /* Tribune */,
				C61648F72E8D703C004B9FA4 /* TribuneTests */,
				C61649012E8D703C004B9FA4 /* TribuneUITests */,
			);
		};
/* End PBXProject section */

/* Begin PBXResourcesBuildPhase section */
		C61648E72E8D703B004B9FA4 /* Resources */ = {
			isa = PBXResourcesBuildPhase;
			buildActionMask = 2147483647;
			files = (
				C6AB99892E93078900874657 /* Config.xcconfig in Resources */,
			);
			runOnlyForDeploymentPostprocessing = 0;
		};
		C61648F62E8D703C004B9FA4 /* Resources */ = {
			isa = PBXResourcesBuildPhase;
			buildActionMask = 2147483647;
			files = (
			);
			runOnlyForDeploymentPostprocessing = 0;
		};
		C61649002E8D703C004B9FA4 /* Resources */ = {
			isa = PBXResourcesBuildPhase;
			buildActionMask = 2147483647;
			files = (
			);
			runOnlyForDeploymentPostprocessing = 0;
		};
/* End PBXResourcesBuildPhase section */

/* Begin PBXSourcesBuildPhase section */
		C61648E52E8D703B004B9FA4 /* Sources */ = {
			isa = PBXSourcesBuildPhase;
			buildActionMask = 2147483647;
			files = (
			);
			runOnlyForDeploymentPostprocessing = 0;
		};
		C61648F42E8D703C004B9FA4 /* Sources */ = {
			isa = PBXSourcesBuildPhase;
			buildActionMask = 2147483647;
			files = (
			);
			runOnlyForDeploymentPostprocessing = 0;
		};
		C61648FE2E8D703C004B9FA4 /* Sources */ = {
			isa = PBXSourcesBuildPhase;
			buildActionMask = 2147483647;
			files = (
			);
			runOnlyForDeploymentPostprocessing = 0;
		};
/* End PBXSourcesBuildPhase section */

/* Begin PBXTargetDependency section */
		C61648FA2E8D703C004B9FA4 /* PBXTargetDependency */ = {
			isa = PBXTargetDependency;
			target = C61648E82E8D703B004B9FA4 /* Tribune */;
			targetProxy = C61648F92E8D703C004B9FA4 /* PBXContainerItemProxy */;
		};
		C61649042E8D703C004B9FA4 /* PBXTargetDependency */ = {
			isa = PBXTargetDependency;
			target = C61648E82E8D703B004B9FA4 /* Tribune */;
			targetProxy = C61649032E8D703C004B9FA4 /* PBXContainerItemProxy */;
		};
/* End PBXTargetDependency section */

/* Begin XCBuildConfiguration section */
		C616490A2E8D703C004B9FA4 /* Debug */ = {
			isa = XCBuildConfiguration;
			baseConfigurationReference = C6AB99882E93078900874657 /* Config.xcconfig */;
			buildSettings = {
				ALWAYS_SEARCH_USER_PATHS = NO;
				ASSETCATALOG_COMPILER_GENERATE_SWIFT_ASSET_SYMBOL_EXTENSIONS = YES;
				CLANG_ANALYZER_NONNULL = YES;
				CLANG_ANALYZER_NUMBER_OBJECT_CONVERSION = YES_AGGRESSIVE;
				CLANG_CXX_LANGUAGE_STANDARD = "gnu++20";
				CLANG_ENABLE_MODULES = YES;
				CLANG_ENABLE_OBJC_ARC = YES;
				CLANG_ENABLE_OBJC_WEAK = YES;
				CLANG_WARN_BLOCK_CAPTURE_AUTORELEASING = YES;
				CLANG_WARN_BOOL_CONVERSION = YES;
				CLANG_WARN_COMMA = YES;
				CLANG_WARN_CONSTANT_CONVERSION = YES;
				CLANG_WARN_DEPRECATED_OBJC_IMPLEMENTATIONS = YES;
				CLANG_WARN_DIRECT_OBJC_ISA_USAGE = YES_ERROR;
				CLANG_WARN_DOCUMENTATION_COMMENTS = YES;
				CLANG_WARN_EMPTY_BODY = YES;
				CLANG_WARN_ENUM_CONVERSION = YES;
				CLANG_WARN_INFINITE_RECURSION = YES;
				CLANG_WARN_INT_CONVERSION = YES;
				CLANG_WARN_NON_LITERAL_NULL_CONVERSION = YES;
				CLANG_WARN_OBJC_IMPLICIT_RETAIN_SELF = YES;
				CLANG_WARN_OBJC_LITERAL_CONVERSION = YES;
				CLANG_WARN_OBJC_ROOT_CLASS = YES_ERROR;
				CLANG_WARN_QUOTED_INCLUDE_IN_FRAMEWORK_HEADER = YES;
				CLANG_WARN_RANGE_LOOP_ANALYSIS = YES;
				CLANG_WARN_STRICT_PROTOTYPES = YES;
				CLANG_WARN_SUSPICIOUS_MOVE = YES;
				CLANG_WARN_UNGUARDED_AVAILABILITY = YES_AGGRESSIVE;
				CLANG_WARN_UNREACHABLE_CODE = YES;
				CLANG_WARN__DUPLICATE_METHOD_MATCH = YES;
				COPY_PHASE_STRIP = NO;
				DEBUG_INFORMATION_FORMAT = dwarf;
				DEVELOPMENT_TEAM = JD9296YG3D;
				ENABLE_STRICT_OBJC_MSGSEND = YES;
				ENABLE_TESTABILITY = YES;
				ENABLE_USER_SCRIPT_SANDBOXING = YES;
				GCC_C_LANGUAGE_STANDARD = gnu17;
				GCC_DYNAMIC_NO_PIC = NO;
				GCC_NO_COMMON_BLOCKS = YES;
				GCC_OPTIMIZATION_LEVEL = 0;
				GCC_PREPROCESSOR_DEFINITIONS = (
					"DEBUG=1",
					"$(inherited)",
				);
				GCC_WARN_64_TO_32_BIT_CONVERSION = YES;
				GCC_WARN_ABOUT_RETURN_TYPE = YES_ERROR;
				GCC_WARN_UNDECLARED_SELECTOR = YES;
				GCC_WARN_UNINITIALIZED_AUTOS = YES_AGGRESSIVE;
				GCC_WARN_UNUSED_FUNCTION = YES;
				GCC_WARN_UNUSED_VARIABLE = YES;
				GENERATE_INFOPLIST_FILE = NO;
				IPHONEOS_DEPLOYMENT_TARGET = 26.0;
				LOCALIZATION_PREFERS_STRING_CATALOGS = YES;
				MTL_ENABLE_DEBUG_INFO = INCLUDE_SOURCE;
				MTL_FAST_MATH = YES;
				ONLY_ACTIVE_ARCH = YES;
				SDKROOT = iphoneos;
				SWIFT_ACTIVE_COMPILATION_CONDITIONS = "DEBUG $(inherited)";
				SWIFT_OPTIMIZATION_LEVEL = "-Onone";
			};
			name = Debug;
		};
		C616490B2E8D703C004B9FA4 /* Release */ = {
			isa = XCBuildConfiguration;
			baseConfigurationReference = C6AB99882E93078900874657 /* Config.xcconfig */;
			buildSettings = {
				ALWAYS_SEARCH_USER_PATHS = NO;
				ASSETCATALOG_COMPILER_GENERATE_SWIFT_ASSET_SYMBOL_EXTENSIONS = YES;
				CLANG_ANALYZER_NONNULL = YES;
				CLANG_ANALYZER_NUMBER_OBJECT_CONVERSION = YES_AGGRESSIVE;
				CLANG_CXX_LANGUAGE_STANDARD = "gnu++20";
				CLANG_ENABLE_MODULES = YES;
				CLANG_ENABLE_OBJC_ARC = YES;
				CLANG_ENABLE_OBJC_WEAK = YES;
				CLANG_WARN_BLOCK_CAPTURE_AUTORELEASING = YES;
				CLANG_WARN_BOOL_CONVERSION = YES;
				CLANG_WARN_COMMA = YES;
				CLANG_WARN_CONSTANT_CONVERSION = YES;
				CLANG_WARN_DEPRECATED_OBJC_IMPLEMENTATIONS = YES;
				CLANG_WARN_DIRECT_OBJC_ISA_USAGE = YES_ERROR;
				CLANG_WARN_DOCUMENTATION_COMMENTS = YES;
				CLANG_WARN_EMPTY_BODY = YES;
				CLANG_WARN_ENUM_CONVERSION = YES;
				CLANG_WARN_INFINITE_RECURSION = YES;
				CLANG_WARN_INT_CONVERSION = YES;
				CLANG_WARN_NON_LITERAL_NULL_CONVERSION = YES;
				CLANG_WARN_OBJC_IMPLICIT_RETAIN_SELF = YES;
				CLANG_WARN_OBJC_LITERAL_CONVERSION = YES;
				CLANG_WARN_OBJC_ROOT_CLASS = YES_ERROR;
				CLANG_WARN_QUOTED_INCLUDE_IN_FRAMEWORK_HEADER = YES;
				CLANG_WARN_RANGE_LOOP_ANALYSIS = YES;
				CLANG_WARN_STRICT_PROTOTYPES = YES;
				CLANG_WARN_SUSPICIOUS_MOVE = YES;
				CLANG_WARN_UNGUARDED_AVAILABILITY = YES_AGGRESSIVE;
				CLANG_WARN_UNREACHABLE_CODE = YES;
				CLANG_WARN__DUPLICATE_METHOD_MATCH = YES;
				COPY_PHASE_STRIP = NO;
				DEBUG_INFORMATION_FORMAT = "dwarf-with-dsym";
				DEVELOPMENT_TEAM = JD9296YG3D;
				ENABLE_NS_ASSERTIONS = NO;
				ENABLE_STRICT_OBJC_MSGSEND = YES;
				ENABLE_USER_SCRIPT_SANDBOXING = YES;
				GCC_C_LANGUAGE_STANDARD = gnu17;
				GCC_NO_COMMON_BLOCKS = YES;
				GCC_WARN_64_TO_32_BIT_CONVERSION = YES;
				GCC_WARN_ABOUT_RETURN_TYPE = YES_ERROR;
				GCC_WARN_UNDECLARED_SELECTOR = YES;
				GCC_WARN_UNINITIALIZED_AUTOS = YES_AGGRESSIVE;
				GCC_WARN_UNUSED_FUNCTION = YES;
				GCC_WARN_UNUSED_VARIABLE = YES;
				GENERATE_INFOPLIST_FILE = NO;
				IPHONEOS_DEPLOYMENT_TARGET = 26.0;
				LOCALIZATION_PREFERS_STRING_CATALOGS = YES;
				MTL_ENABLE_DEBUG_INFO = NO;
				MTL_FAST_MATH = YES;
				SDKROOT = iphoneos;
				SWIFT_COMPILATION_MODE = wholemodule;
				VALIDATE_PRODUCT = YES;
			};
			name = Release;
		};
		C616490D2E8D703C004B9FA4 /* Debug */ = {
			isa = XCBuildConfiguration;
			buildSettings = {
				ASSETCATALOG_COMPILER_APPICON_NAME = AppIcon;
				ASSETCATALOG_COMPILER_GLOBAL_ACCENT_COLOR_NAME = AccentColor;
				CODE_SIGN_STYLE = Automatic;
				CURRENT_PROJECT_VERSION = 1;
				DEVELOPMENT_TEAM = JD9296YG3D;
				ENABLE_PREVIEWS = YES;
				GENERATE_INFOPLIST_FILE = YES;
				INFOPLIST_FILE = Tribune/Info.plist;
				INFOPLIST_KEY_UIApplicationSceneManifest_Generation = YES;
				INFOPLIST_KEY_UIApplicationSupportsIndirectInputEvents = YES;
				INFOPLIST_KEY_UILaunchScreen_Generation = YES;
				INFOPLIST_KEY_UISupportedInterfaceOrientations_iPad = "UIInterfaceOrientationPortrait UIInterfaceOrientationPortraitUpsideDown UIInterfaceOrientationLandscapeLeft UIInterfaceOrientationLandscapeRight";
				INFOPLIST_KEY_UISupportedInterfaceOrientations_iPhone = "UIInterfaceOrientationPortrait UIInterfaceOrientationLandscapeLeft UIInterfaceOrientationLandscapeRight";
				LD_RUNPATH_SEARCH_PATHS = (
					"$(inherited)",
					"@executable_path/Frameworks",
				);
				MARKETING_VERSION = 1.0;
				PRODUCT_BUNDLE_IDENTIFIER = com.jcaffrey.Tribune;
				PRODUCT_NAME = "$(TARGET_NAME)";
				STRING_CATALOG_GENERATE_SYMBOLS = YES;
				SWIFT_APPROACHABLE_CONCURRENCY = YES;
				SWIFT_DEFAULT_ACTOR_ISOLATION = MainActor;
				SWIFT_EMIT_LOC_STRINGS = YES;
				SWIFT_UPCOMING_FEATURE_MEMBER_IMPORT_VISIBILITY = YES;
				SWIFT_VERSION = 5.0;
				TARGETED_DEVICE_FAMILY = "1,2";
			};
			name = Debug;
		};
		C616490E2E8D703C004B9FA4 /* Release */ = {
			isa = XCBuildConfiguration;
			buildSettings = {
				ASSETCATALOG_COMPILER_APPICON_NAME = AppIcon;
				ASSETCATALOG_COMPILER_GLOBAL_ACCENT_COLOR_NAME = AccentColor;
				CODE_SIGN_STYLE = Automatic;
				CURRENT_PROJECT_VERSION = 1;
				DEVELOPMENT_TEAM = JD9296YG3D;
				ENABLE_PREVIEWS = YES;
				GENERATE_INFOPLIST_FILE = YES;
				INFOPLIST_FILE = Tribune/Info.plist;
				INFOPLIST_KEY_UIApplicationSceneManifest_Generation = YES;
				INFOPLIST_KEY_UIApplicationSupportsIndirectInputEvents = YES;
				INFOPLIST_KEY_UILaunchScreen_Generation = YES;
				INFOPLIST_KEY_UISupportedInterfaceOrientations_iPad = "UIInterfaceOrientationPortrait UIInterfaceOrientationPortraitUpsideDown UIInterfaceOrientationLandscapeLeft UIInterfaceOrientationLandscapeRight";
				INFOPLIST_KEY_UISupportedInterfaceOrientations_iPhone = "UIInterfaceOrientationPortrait UIInterfaceOrientationLandscapeLeft UIInterfaceOrientationLandscapeRight";
				LD_RUNPATH_SEARCH_PATHS = (
					"$(inherited)",
					"@executable_path/Frameworks",
				);
				MARKETING_VERSION = 1.0;
				PRODUCT_BUNDLE_IDENTIFIER = com.jcaffrey.Tribune;
				PRODUCT_NAME = "$(TARGET_NAME)";
				STRING_CATALOG_GENERATE_SYMBOLS = YES;
				SWIFT_APPROACHABLE_CONCURRENCY = YES;
				SWIFT_DEFAULT_ACTOR_ISOLATION = MainActor;
				SWIFT_EMIT_LOC_STRINGS = YES;
				SWIFT_UPCOMING_FEATURE_MEMBER_IMPORT_VISIBILITY = YES;
				SWIFT_VERSION = 5.0;
				TARGETED_DEVICE_FAMILY = "1,2";
			};
			name = Release;
		};
		C61649102E8D703C004B9FA4 /* Debug */ = {
			isa = XCBuildConfiguration;
			buildSettings = {
				BUNDLE_LOADER = "$(TEST_HOST)";
				CODE_SIGN_STYLE = Automatic;
				CURRENT_PROJECT_VERSION = 1;
				DEVELOPMENT_TEAM = JD9296YG3D;
				GENERATE_INFOPLIST_FILE = YES;
				IPHONEOS_DEPLOYMENT_TARGET = 26.0;
				MARKETING_VERSION = 1.0;
				PRODUCT_BUNDLE_IDENTIFIER = com.jcaffrey.TribuneTests;
				PRODUCT_NAME = "$(TARGET_NAME)";
				STRING_CATALOG_GENERATE_SYMBOLS = NO;
				SWIFT_APPROACHABLE_CONCURRENCY = YES;
				SWIFT_EMIT_LOC_STRINGS = NO;
				SWIFT_UPCOMING_FEATURE_MEMBER_IMPORT_VISIBILITY = YES;
				SWIFT_VERSION = 5.0;
				TARGETED_DEVICE_FAMILY = "1,2";
				TEST_HOST = "$(BUILT_PRODUCTS_DIR)/Tribune.app/$(BUNDLE_EXECUTABLE_FOLDER_PATH)/Tribune";
			};
			name = Debug;
		};
		C61649112E8D703C004B9FA4 /* Release */ = {
			isa = XCBuildConfiguration;
			buildSettings = {
				BUNDLE_LOADER = "$(TEST_HOST)";
				CODE_SIGN_STYLE = Automatic;
				CURRENT_PROJECT_VERSION = 1;
				DEVELOPMENT_TEAM = JD9296YG3D;
				GENERATE_INFOPLIST_FILE = YES;
				IPHONEOS_DEPLOYMENT_TARGET = 26.0;
				MARKETING_VERSION = 1.0;
				PRODUCT_BUNDLE_IDENTIFIER = com.jcaffrey.TribuneTests;
				PRODUCT_NAME = "$(TARGET_NAME)";
				STRING_CATALOG_GENERATE_SYMBOLS = NO;
				SWIFT_APPROACHABLE_CONCURRENCY = YES;
				SWIFT_EMIT_LOC_STRINGS = NO;
				SWIFT_UPCOMING_FEATURE_MEMBER_IMPORT_VISIBILITY = YES;
				SWIFT_VERSION = 5.0;
				TARGETED_DEVICE_FAMILY = "1,2";
				TEST_HOST = "$(BUILT_PRODUCTS_DIR)/Tribune.app/$(BUNDLE_EXECUTABLE_FOLDER_PATH)/Tribune";
			};
			name = Release;
		};
		C61649132E8D703C004B9FA4 /* Debug */ = {
			isa = XCBuildConfiguration;
			buildSettings = {
				CODE_SIGN_STYLE = Automatic;
				CURRENT_PROJECT_VERSION = 1;
				DEVELOPMENT_TEAM = JD9296YG3D;
				GENERATE_INFOPLIST_FILE = YES;
				MARKETING_VERSION = 1.0;
				PRODUCT_BUNDLE_IDENTIFIER = com.jcaffrey.TribuneUITests;
				PRODUCT_NAME = "$(TARGET_NAME)";
				STRING_CATALOG_GENERATE_SYMBOLS = NO;
				SWIFT_APPROACHABLE_CONCURRENCY = YES;
				SWIFT_EMIT_LOC_STRINGS = NO;
				SWIFT_UPCOMING_FEATURE_MEMBER_IMPORT_VISIBILITY = YES;
				SWIFT_VERSION = 5.0;
				TARGETED_DEVICE_FAMILY = "1,2";
				TEST_TARGET_NAME = Tribune;
			};
			name = Debug;
		};
		C61649142E8D703C004B9FA4 /* Release */ = {
			isa = XCBuildConfiguration;
			buildSettings = {
				CODE_SIGN_STYLE = Automatic;
				CURRENT_PROJECT_VERSION = 1;
				DEVELOPMENT_TEAM = JD9296YG3D;
				GENERATE_INFOPLIST_FILE = YES;
				MARKETING_VERSION = 1.0;
				PRODUCT_BUNDLE_IDENTIFIER = com.jcaffrey.TribuneUITests;
				PRODUCT_NAME = "$(TARGET_NAME)";
				STRING_CATALOG_GENERATE_SYMBOLS = NO;
				SWIFT_APPROACHABLE_CONCURRENCY = YES;
				SWIFT_EMIT_LOC_STRINGS = NO;
				SWIFT_UPCOMING_FEATURE_MEMBER_IMPORT_VISIBILITY = YES;
				SWIFT_VERSION = 5.0;
				TARGETED_DEVICE_FAMILY = "1,2";
				TEST_TARGET_NAME = Tribune;
			};
			name = Release;
		};
/* End XCBuildConfiguration section */

/* Begin XCConfigurationList section */
		C61648E42E8D703B004B9FA4 /* Build configuration list for PBXProject "Tribune" */ = {
			isa = XCConfigurationList;
			buildConfigurations = (
				C616490A2E8D703C004B9FA4 /* Debug */,
				C616490B2E8D703C004B9FA4 /* Release */,
			);
			defaultConfigurationIsVisible = 0;
			defaultConfigurationName = Release;
		};
		C616490C2E8D703C004B9FA4 /* Build configuration list for PBXNativeTarget "Tribune" */ = {
			isa = XCConfigurationList;
			buildConfigurations = (
				C616490D2E8D703C004B9FA4 /* Debug */,
				C616490E2E8D703C004B9FA4 /* Release */,
			);
			defaultConfigurationIsVisible = 0;
			defaultConfigurationName = Release;
		};
		C616490F2E8D703C004B9FA4 /* Build configuration list for PBXNativeTarget "TribuneTests" */ = {
			isa = XCConfigurationList;
			buildConfigurations = (
				C61649102E8D703C004B9FA4 /* Debug */,
				C61649112E8D703C004B9FA4 /* Release */,
			);
			defaultConfigurationIsVisible = 0;
			defaultConfigurationName = Release;
		};
		C61649122E8D703C004B9FA4 /* Build configuration list for PBXNativeTarget "TribuneUITests" */ = {
			isa = XCConfigurationList;
			buildConfigurations = (
				C61649132E8D703C004B9FA4 /* Debug */,
				C61649142E8D703C004B9FA4 /* Release */,
			);
			defaultConfigurationIsVisible = 0;
			defaultConfigurationName = Release;
		};
/* End XCConfigurationList section */

/* Begin XCRemoteSwiftPackageReference section */
		C6AB99A72E93457000874657 /* XCRemoteSwiftPackageReference "AlertToast" */ = {
			isa = XCRemoteSwiftPackageReference;
			repositoryURL = "https://github.com/elai950/AlertToast/";
			requirement = {
				kind = upToNextMajorVersion;
				minimumVersion = 1.3.9;
			};
		};
/* End XCRemoteSwiftPackageReference section */

/* Begin XCSwiftPackageProductDependency section */
		C66CADD12E9345C8002FA0F5 /* AlertToast */ = {
			isa = XCSwiftPackageProductDependency;
			package = C6AB99A72E93457000874657 /* XCRemoteSwiftPackageReference "AlertToast" */;
			productName = AlertToast;
		};
/* End XCSwiftPackageProductDependency section */
	};
	rootObject = C61648E12E8D703B004B9FA4 /* Project object */;
}
